
Microsoft Visual Studio Solution File, Format Version 12.00
# Visual Studio Version 17
VisualStudioVersion = 17.14.36429.23
MinimumVisualStudioVersion = 10.0.40219.1
Project("{2150E333-8FDC-42A3-9474-1A3956D46DE8}") = "Task0", "Task0", "{02EA681E-C7D8-13C7-8484-4AC65E1B71E8}"
EndProject
Project("{FAE04EC0-301F-11D3-BF4B-00C04F79EFBC}") = "Tyuiu.KalininaMA.Sprint3.Task0.V30", "Tyuiu.KalininaMA.Sprint3.Task0.V30\Tyuiu.KalininaMA.Sprint3.Task0.V30.csproj", "{32722DAB-3DC3-4863-B8AD-F3D1816C7B65}"
EndProject
Project("{FAE04EC0-301F-11D3-BF4B-00C04F79EFBC}") = "Tyuiu.KalininaMA.Sprint3.Task0.V30.Lib", "Tyuiu.KalininaMA.Sprint3.Task0.V30.Lib\Tyuiu.KalininaMA.Sprint3.Task0.V30.Lib.csproj", "{5BCDA6AD-D6ED-4567-9DB4-07BA539F89AD}"
EndProject
Project("{FAE04EC0-301F-11D3-BF4B-00C04F79EFBC}") = "Tyuiu.KalininaMA.Sprint3.Task0.V30.Test", "Tyuiu.KalininaMA.Sprint3.Task0.V30.Test\Tyuiu.KalininaMA.Sprint3.Task0.V30.Test.csproj", "{29328658-004B-4511-83C1-753C4C652709}"
EndProject
Project("{2150E333-8FDC-42A3-9474-1A3956D46DE8}") = "Task1", "Task1", "{7BFCAFAF-17B0-4C80-AF18-AD8E9B79CA6B}"
EndProject
Project("{FAE04EC0-301F-11D3-BF4B-00C04F79EFBC}") = "Tyuiu.KalininaMA.Sprint3.Task1.V21", "Tyuiu.KalininaMA.Sprint3.Task1.V21\Tyuiu.KalininaMA.Sprint3.Task1.V21.csproj", "{40A20B2F-A8B5-4728-839E-A6D6BA06050E}"
EndProject
Project("{FAE04EC0-301F-11D3-BF4B-00C04F79EFBC}") = "Tyuiu.KalininaMA.Sprint3.Task1.V21.Lib", "Tyuiu.KalininaMA.Sprint3.Task1.V21.Lib\Tyuiu.KalininaMA.Sprint3.Task1.V21.Lib.csproj", "{3F784E94-05AA-4C2A-B188-0520524340F5}"
EndProject
Project("{FAE04EC0-301F-11D3-BF4B-00C04F79EFBC}") = "Tyuiu.KalininaMA.Sprint3.Task1.V21.Test", "Tyuiu.KalininaMA.Sprint3.Task1.V21.Test\Tyuiu.KalininaMA.Sprint3.Task1.V21.Test.csproj", "{0EB5F715-AF3A-4F94-8B2B-BF3F57188931}"
EndProject
Project("{2150E333-8FDC-42A3-9474-1A3956D46DE8}") = "Task2", "Task2", "{AAEB2600-F23E-4523-94E3-97BA6BBC1F4D}"
EndProject
Project("{FAE04EC0-301F-11D3-BF4B-00C04F79EFBC}") = "Tyuiu.KalininaMA.Sprint3.Task2.V19", "Tyuiu.KalininaMA.Sprint3.Task2.V19\Tyuiu.KalininaMA.Sprint3.Task2.V19.csproj", "{E0942F43-BBB1-4FC3-89FB-683B39B3D88D}"
EndProject
Project("{FAE04EC0-301F-11D3-BF4B-00C04F79EFBC}") = "Tyuiu.KalininaMA.Sprint3.Task2.V19.Lib", "Tyuiu.KalininaMA.Sprint3.Task2.V19.Lib\Tyuiu.KalininaMA.Sprint3.Task2.V19.Lib.csproj", "{883C166E-2209-4A5D-B8D9-9048048D02CA}"
EndProject
Project("{FAE04EC0-301F-11D3-BF4B-00C04F79EFBC}") = "Tyuiu.KalininaMA.Sprint3.Task2.V19.Test", "Tyuiu.KalininaMA.Sprint3.Task2.V19.Test\Tyuiu.KalininaMA.Sprint3.Task2.V19.Test.csproj", "{3226F025-53B8-480E-B163-8A6755589734}"
EndProject
Project("{2150E333-8FDC-42A3-9474-1A3956D46DE8}") = "Task3", "Task3", "{A37CA079-5C09-4A12-A14A-AE2316094064}"
EndProject
Project("{FAE04EC0-301F-11D3-BF4B-00C04F79EFBC}") = "Tyuiu.KalininaMA.Sprint3.Task3.V15", "Tyuiu.KalininaMA.Sprint3.Task3.V15\Tyuiu.KalininaMA.Sprint3.Task3.V15.csproj", "{86AAD0C1-0809-477C-A174-A7C868A0F635}"
EndProject
Project("{FAE04EC0-301F-11D3-BF4B-00C04F79EFBC}") = "Tyuiu.KalininaMA.Sprint3.Task3.V15.Lib", "Tyuiu.KalininaMA.Sprint3.Task3.V15.Lib\Tyuiu.KalininaMA.Sprint3.Task3.V15.Lib.csproj", "{DFD29B0F-0E1B-4953-809B-536C30D0ED74}"
EndProject
Project("{FAE04EC0-301F-11D3-BF4B-00C04F79EFBC}") = "Tyuiu.KalininaMA.Sprint3.Task3.V15.Test", "Tyuiu.KalininaMA.Sprint3.Task3.V15.Test\Tyuiu.KalininaMA.Sprint3.Task3.V15.Test.csproj", "{6E8E88C0-44DD-4B8B-B192-9EB2BD2002A9}"
EndProject
Project("{2150E333-8FDC-42A3-9474-1A3956D46DE8}") = "Task4", "Task4", "{D09DB8D0-6B02-48F9-A76D-FD2F1DE96123}"
EndProject
Project("{FAE04EC0-301F-11D3-BF4B-00C04F79EFBC}") = "Tyuiu.KalininaMA.Sprint3.Task4.V27", "Tyuiu.KalininaMA.Sprint3.Task4.V27\Tyuiu.KalininaMA.Sprint3.Task4.V27.csproj", "{23273228-CE86-4216-A904-F8962639BC71}"
EndProject
Project("{FAE04EC0-301F-11D3-BF4B-00C04F79EFBC}") = "Tyuiu.KalininaMA.Sprint3.Task4.V27.Lib", "Tyuiu.KalininaMA.Sprint3.Task4.V27.Lib\Tyuiu.KalininaMA.Sprint3.Task4.V27.Lib.csproj", "{816037DC-3B9A-4E59-B411-049953F7037B}"
EndProject
Project("{FAE04EC0-301F-11D3-BF4B-00C04F79EFBC}") = "Tyuiu.KalininaMA.Sprint3.Task4.V27.Test", "Tyuiu.KalininaMA.Sprint3.Task4.V27.Test\Tyuiu.KalininaMA.Sprint3.Task4.V27.Test.csproj", "{9DFCF900-FD96-4D2F-A678-DE8E8D4E433E}"
EndProject
Project("{2150E333-8FDC-42A3-9474-1A3956D46DE8}") = "Task5", "Task5", "{8B91FA05-58DA-458D-BFED-83607E4459B1}"
EndProject
Project("{FAE04EC0-301F-11D3-BF4B-00C04F79EFBC}") = "Tyuiu.KalininaMA.Sprint3.Task5.V12", "Tyuiu.KalininaMA.Sprint3.Task5.V12\Tyuiu.KalininaMA.Sprint3.Task5.V12.csproj", "{F29688EE-401F-4922-9DD2-9B79D4BC1801}"
EndProject
Project("{FAE04EC0-301F-11D3-BF4B-00C04F79EFBC}") = "Tyuiu.KalininaMA.Sprint3.Task5.V12.Lib", "Tyuiu.KalininaMA.Sprint3.Task5.V12.Lib\Tyuiu.KalininaMA.Sprint3.Task5.V12.Lib.csproj", "{69C902C0-2682-44F8-A68C-1EFBA72A2B31}"
EndProject
Project("{FAE04EC0-301F-11D3-BF4B-00C04F79EFBC}") = "Tyuiu.KalininaMA.Sprint3.Task5.V12.Test", "Tyuiu.KalininaMA.Sprint3.Task5.V12.Test\Tyuiu.KalininaMA.Sprint3.Task5.V12.Test.csproj", "{CF6922CE-A400-4583-BD59-8920BA7931B7}"
EndProject
Project("{2150E333-8FDC-42A3-9474-1A3956D46DE8}") = "Task6", "Task6", "{4D9A1D5A-4B45-440E-829C-914E972CA52F}"
EndProject
Project("{FAE04EC0-301F-11D3-BF4B-00C04F79EFBC}") = "Tyuiu.KalininaMA.Sprint3.Task6.V10", "Tyuiu.KalininaMA.Sprint3.Task6.V10\Tyuiu.KalininaMA.Sprint3.Task6.V10.csproj", "{08E279DA-A7EA-41D9-BAA7-C777364A10FF}"
EndProject
Project("{FAE04EC0-301F-11D3-BF4B-00C04F79EFBC}") = "Tyuiu.KalininaMA.Sprint3.Task6.V10.Lib", "Tyuiu.KalininaMA.Sprint3.Task6.V10.Lib\Tyuiu.KalininaMA.Sprint3.Task6.V10.Lib.csproj", "{FF8A2923-86C7-49B8-9413-BF21FBB1C57B}"
EndProject
Project("{FAE04EC0-301F-11D3-BF4B-00C04F79EFBC}") = "Tyuiu.KalininaMA.Sprint3.Task6.V10.Test", "Tyuiu.KalininaMA.Sprint3.Task6.V10.Test\Tyuiu.KalininaMA.Sprint3.Task6.V10.Test.csproj", "{FBC585F2-9CA0-466F-9F97-024DF54B3F0D}"
EndProject
Global
	GlobalSection(SolutionConfigurationPlatforms) = preSolution
		Debug|Any CPU = Debug|Any CPU
		Release|Any CPU = Release|Any CPU
	EndGlobalSection
	GlobalSection(ProjectConfigurationPlatforms) = postSolution
		{32722DAB-3DC3-4863-B8AD-F3D1816C7B65}.Debug|Any CPU.ActiveCfg = Debug|Any CPU
		{32722DAB-3DC3-4863-B8AD-F3D1816C7B65}.Debug|Any CPU.Build.0 = Debug|Any CPU
		{32722DAB-3DC3-4863-B8AD-F3D1816C7B65}.Release|Any CPU.ActiveCfg = Release|Any CPU
		{32722DAB-3DC3-4863-B8AD-F3D1816C7B65}.Release|Any CPU.Build.0 = Release|Any CPU
		{5BCDA6AD-D6ED-4567-9DB4-07BA539F89AD}.Debug|Any CPU.ActiveCfg = Debug|Any CPU
		{5BCDA6AD-D6ED-4567-9DB4-07BA539F89AD}.Debug|Any CPU.Build.0 = Debug|Any CPU
		{5BCDA6AD-D6ED-4567-9DB4-07BA539F89AD}.Release|Any CPU.ActiveCfg = Release|Any CPU
		{5BCDA6AD-D6ED-4567-9DB4-07BA539F89AD}.Release|Any CPU.Build.0 = Release|Any CPU
		{29328658-004B-4511-83C1-753C4C652709}.Debug|Any CPU.ActiveCfg = Debug|Any CPU
		{29328658-004B-4511-83C1-753C4C652709}.Debug|Any CPU.Build.0 = Debug|Any CPU
		{29328658-004B-4511-83C1-753C4C652709}.Release|Any CPU.ActiveCfg = Release|Any CPU
		{29328658-004B-4511-83C1-753C4C652709}.Release|Any CPU.Build.0 = Release|Any CPU
		{40A20B2F-A8B5-4728-839E-A6D6BA06050E}.Debug|Any CPU.ActiveCfg = Debug|Any CPU
		{40A20B2F-A8B5-4728-839E-A6D6BA06050E}.Debug|Any CPU.Build.0 = Debug|Any CPU
		{40A20B2F-A8B5-4728-839E-A6D6BA06050E}.Release|Any CPU.ActiveCfg = Release|Any CPU
		{40A20B2F-A8B5-4728-839E-A6D6BA06050E}.Release|Any CPU.Build.0 = Release|Any CPU
		{3F784E94-05AA-4C2A-B188-0520524340F5}.Debug|Any CPU.ActiveCfg = Debug|Any CPU
		{3F784E94-05AA-4C2A-B188-0520524340F5}.Debug|Any CPU.Build.0 = Debug|Any CPU
		{3F784E94-05AA-4C2A-B188-0520524340F5}.Release|Any CPU.ActiveCfg = Release|Any CPU
		{3F784E94-05AA-4C2A-B188-0520524340F5}.Release|Any CPU.Build.0 = Release|Any CPU
		{0EB5F715-AF3A-4F94-8B2B-BF3F57188931}.Debug|Any CPU.ActiveCfg = Debug|Any CPU
		{0EB5F715-AF3A-4F94-8B2B-BF3F57188931}.Debug|Any CPU.Build.0 = Debug|Any CPU
		{0EB5F715-AF3A-4F94-8B2B-BF3F57188931}.Release|Any CPU.ActiveCfg = Release|Any CPU
		{0EB5F715-AF3A-4F94-8B2B-BF3F57188931}.Release|Any CPU.Build.0 = Release|Any CPU
		{E0942F43-BBB1-4FC3-89FB-683B39B3D88D}.Debug|Any CPU.ActiveCfg = Debug|Any CPU
		{E0942F43-BBB1-4FC3-89FB-683B39B3D88D}.Debug|Any CPU.Build.0 = Debug|Any CPU
		{E0942F43-BBB1-4FC3-89FB-683B39B3D88D}.Release|Any CPU.ActiveCfg = Release|Any CPU
		{E0942F43-BBB1-4FC3-89FB-683B39B3D88D}.Release|Any CPU.Build.0 = Release|Any CPU
		{883C166E-2209-4A5D-B8D9-9048048D02CA}.Debug|Any CPU.ActiveCfg = Debug|Any CPU
		{883C166E-2209-4A5D-B8D9-9048048D02CA}.Debug|Any CPU.Build.0 = Debug|Any CPU
		{883C166E-2209-4A5D-B8D9-9048048D02CA}.Release|Any CPU.ActiveCfg = Release|Any CPU
		{883C166E-2209-4A5D-B8D9-9048048D02CA}.Release|Any CPU.Build.0 = Release|Any CPU
		{3226F025-53B8-480E-B163-8A6755589734}.Debug|Any CPU.ActiveCfg = Debug|Any CPU
		{3226F025-53B8-480E-B163-8A6755589734}.Debug|Any CPU.Build.0 = Debug|Any CPU
		{3226F025-53B8-480E-B163-8A6755589734}.Release|Any CPU.ActiveCfg = Release|Any CPU
		{3226F025-53B8-480E-B163-8A6755589734}.Release|Any CPU.Build.0 = Release|Any CPU
		{86AAD0C1-0809-477C-A174-A7C868A0F635}.Debug|Any CPU.ActiveCfg = Debug|Any CPU
		{86AAD0C1-0809-477C-A174-A7C868A0F635}.Debug|Any CPU.Build.0 = Debug|Any CPU
		{86AAD0C1-0809-477C-A174-A7C868A0F635}.Release|Any CPU.ActiveCfg = Release|Any CPU
		{86AAD0C1-0809-477C-A174-A7C868A0F635}.Release|Any CPU.Build.0 = Release|Any CPU
		{DFD29B0F-0E1B-4953-809B-536C30D0ED74}.Debug|Any CPU.ActiveCfg = Debug|Any CPU
		{DFD29B0F-0E1B-4953-809B-536C30D0ED74}.Debug|Any CPU.Build.0 = Debug|Any CPU
		{DFD29B0F-0E1B-4953-809B-536C30D0ED74}.Release|Any CPU.ActiveCfg = Release|Any CPU
		{DFD29B0F-0E1B-4953-809B-536C30D0ED74}.Release|Any CPU.Build.0 = Release|Any CPU
		{6E8E88C0-44DD-4B8B-B192-9EB2BD2002A9}.Debug|Any CPU.ActiveCfg = Debug|Any CPU
		{6E8E88C0-44DD-4B8B-B192-9EB2BD2002A9}.Debug|Any CPU.Build.0 = Debug|Any CPU
		{6E8E88C0-44DD-4B8B-B192-9EB2BD2002A9}.Release|Any CPU.ActiveCfg = Release|Any CPU
		{6E8E88C0-44DD-4B8B-B192-9EB2BD2002A9}.Release|Any CPU.Build.0 = Release|Any CPU
		{23273228-CE86-4216-A904-F8962639BC71}.Debug|Any CPU.ActiveCfg = Debug|Any CPU
		{23273228-CE86-4216-A904-F8962639BC71}.Debug|Any CPU.Build.0 = Debug|Any CPU
		{23273228-CE86-4216-A904-F8962639BC71}.Release|Any CPU.ActiveCfg = Release|Any CPU
		{23273228-CE86-4216-A904-F8962639BC71}.Release|Any CPU.Build.0 = Release|Any CPU
		{816037DC-3B9A-4E59-B411-049953F7037B}.Debug|Any CPU.ActiveCfg = Debug|Any CPU
		{816037DC-3B9A-4E59-B411-049953F7037B}.Debug|Any CPU.Build.0 = Debug|Any CPU
		{816037DC-3B9A-4E59-B411-049953F7037B}.Release|Any CPU.ActiveCfg = Release|Any CPU
		{816037DC-3B9A-4E59-B411-049953F7037B}.Release|Any CPU.Build.0 = Release|Any CPU
		{9DFCF900-FD96-4D2F-A678-DE8E8D4E433E}.Debug|Any CPU.ActiveCfg = Debug|Any CPU
		{9DFCF900-FD96-4D2F-A678-DE8E8D4E433E}.Debug|Any CPU.Build.0 = Debug|Any CPU
		{9DFCF900-FD96-4D2F-A678-DE8E8D4E433E}.Release|Any CPU.ActiveCfg = Release|Any CPU
		{9DFCF900-FD96-4D2F-A678-DE8E8D4E433E}.Release|Any CPU.Build.0 = Release|Any CPU
		{F29688EE-401F-4922-9DD2-9B79D4BC1801}.Debug|Any CPU.ActiveCfg = Debug|Any CPU
		{F29688EE-401F-4922-9DD2-9B79D4BC1801}.Debug|Any CPU.Build.0 = Debug|Any CPU
		{F29688EE-401F-4922-9DD2-9B79D4BC1801}.Release|Any CPU.ActiveCfg = Release|Any CPU
		{F29688EE-401F-4922-9DD2-9B79D4BC1801}.Release|Any CPU.Build.0 = Release|Any CPU
		{69C902C0-2682-44F8-A68C-1EFBA72A2B31}.Debug|Any CPU.ActiveCfg = Debug|Any CPU
		{69C902C0-2682-44F8-A68C-1EFBA72A2B31}.Debug|Any CPU.Build.0 = Debug|Any CPU
		{69C902C0-2682-44F8-A68C-1EFBA72A2B31}.Release|Any CPU.ActiveCfg = Release|Any CPU
		{69C902C0-2682-44F8-A68C-1EFBA72A2B31}.Release|Any CPU.Build.0 = Release|Any CPU
		{CF6922CE-A400-4583-BD59-8920BA7931B7}.Debug|Any CPU.ActiveCfg = Debug|Any CPU
		{CF6922CE-A400-4583-BD59-8920BA7931B7}.Debug|Any CPU.Build.0 = Debug|Any CPU
		{CF6922CE-A400-4583-BD59-8920BA7931B7}.Release|Any CPU.ActiveCfg = Release|Any CPU
		{CF6922CE-A400-4583-BD59-8920BA7931B7}.Release|Any CPU.Build.0 = Release|Any CPU
		{08E279DA-A7EA-41D9-BAA7-C777364A10FF}.Debug|Any CPU.ActiveCfg = Debug|Any CPU
		{08E279DA-A7EA-41D9-BAA7-C777364A10FF}.Debug|Any CPU.Build.0 = Debug|Any CPU
		{08E279DA-A7EA-41D9-BAA7-C777364A10FF}.Release|Any CPU.ActiveCfg = Release|Any CPU
		{08E279DA-A7EA-41D9-BAA7-C777364A10FF}.Release|Any CPU.Build.0 = Release|Any CPU
		{FF8A2923-86C7-49B8-9413-BF21FBB1C57B}.Debug|Any CPU.ActiveCfg = Debug|Any CPU
		{FF8A2923-86C7-49B8-9413-BF21FBB1C57B}.Debug|Any CPU.Build.0 = Debug|Any CPU
		{FF8A2923-86C7-49B8-9413-BF21FBB1C57B}.Release|Any CPU.ActiveCfg = Release|Any CPU
		{FF8A2923-86C7-49B8-9413-BF21FBB1C57B}.Release|Any CPU.Build.0 = Release|Any CPU
		{FBC585F2-9CA0-466F-9F97-024DF54B3F0D}.Debug|Any CPU.ActiveCfg = Debug|Any CPU
		{FBC585F2-9CA0-466F-9F97-024DF54B3F0D}.Debug|Any CPU.Build.0 = Debug|Any CPU
		{FBC585F2-9CA0-466F-9F97-024DF54B3F0D}.Release|Any CPU.ActiveCfg = Release|Any CPU
		{FBC585F2-9CA0-466F-9F97-024DF54B3F0D}.Release|Any CPU.Build.0 = Release|Any CPU
	EndGlobalSection
	GlobalSection(SolutionProperties) = preSolution
		HideSolutionNode = FALSE
	EndGlobalSection
	GlobalSection(NestedProjects) = preSolution
		{32722DAB-3DC3-4863-B8AD-F3D1816C7B65} = {02EA681E-C7D8-13C7-8484-4AC65E1B71E8}
		{5BCDA6AD-D6ED-4567-9DB4-07BA539F89AD} = {02EA681E-C7D8-13C7-8484-4AC65E1B71E8}
		{29328658-004B-4511-83C1-753C4C652709} = {02EA681E-C7D8-13C7-8484-4AC65E1B71E8}
		{40A20B2F-A8B5-4728-839E-A6D6BA06050E} = {7BFCAFAF-17B0-4C80-AF18-AD8E9B79CA6B}
		{3F784E94-05AA-4C2A-B188-0520524340F5} = {7BFCAFAF-17B0-4C80-AF18-AD8E9B79CA6B}
		{0EB5F715-AF3A-4F94-8B2B-BF3F57188931} = {7BFCAFAF-17B0-4C80-AF18-AD8E9B79CA6B}
		{E0942F43-BBB1-4FC3-89FB-683B39B3D88D} = {AAEB2600-F23E-4523-94E3-97BA6BBC1F4D}
		{883C166E-2209-4A5D-B8D9-9048048D02CA} = {AAEB2600-F23E-4523-94E3-97BA6BBC1F4D}
		{3226F025-53B8-480E-B163-8A6755589734} = {AAEB2600-F23E-4523-94E3-97BA6BBC1F4D}
		{86AAD0C1-0809-477C-A174-A7C868A0F635} = {A37CA079-5C09-4A12-A14A-AE2316094064}
		{DFD29B0F-0E1B-4953-809B-536C30D0ED74} = {A37CA079-5C09-4A12-A14A-AE2316094064}
		{6E8E88C0-44DD-4B8B-B192-9EB2BD2002A9} = {A37CA079-5C09-4A12-A14A-AE2316094064}
		{23273228-CE86-4216-A904-F8962639BC71} = {D09DB8D0-6B02-48F9-A76D-FD2F1DE96123}
		{816037DC-3B9A-4E59-B411-049953F7037B} = {D09DB8D0-6B02-48F9-A76D-FD2F1DE96123}
		{9DFCF900-FD96-4D2F-A678-DE8E8D4E433E} = {D09DB8D0-6B02-48F9-A76D-FD2F1DE96123}
		{F29688EE-401F-4922-9DD2-9B79D4BC1801} = {8B91FA05-58DA-458D-BFED-83607E4459B1}
		{69C902C0-2682-44F8-A68C-1EFBA72A2B31} = {8B91FA05-58DA-458D-BFED-83607E4459B1}
		{CF6922CE-A400-4583-BD59-8920BA7931B7} = {8B91FA05-58DA-458D-BFED-83607E4459B1}
		{08E279DA-A7EA-41D9-BAA7-C777364A10FF} = {4D9A1D5A-4B45-440E-829C-914E972CA52F}
		{FF8A2923-86C7-49B8-9413-BF21FBB1C57B} = {4D9A1D5A-4B45-440E-829C-914E972CA52F}
		{FBC585F2-9CA0-466F-9F97-024DF54B3F0D} = {4D9A1D5A-4B45-440E-829C-914E972CA52F}
	EndGlobalSection
	GlobalSection(ExtensibilityGlobals) = postSolution
		SolutionGuid = {3E7A2B12-45AA-475B-8784-B3FECA5E2720}
	EndGlobalSection
EndGlobal
