
Microsoft Visual Studio Solution File, Format Version 12.00
# Visual Studio Version 17
VisualStudioVersion = 17.14.36429.23 d17.14
MinimumVisualStudioVersion = 10.0.40219.1
Project("{2150E333-8FDC-42A3-9474-1A3956D46DE8}") = "Task0", "Task0", "{02EA681E-C7D8-13C7-8484-4AC65E1B71E8}"
EndProject
Project("{FAE04EC0-301F-11D3-BF4B-00C04F79EFBC}") = "Tyuiu.KalininaMA.Sprint3.Task0.V30", "Tyuiu.KalininaMA.Sprint3.Task0.V30\Tyuiu.KalininaMA.Sprint3.Task0.V30.csproj", "{32722DAB-3DC3-4863-B8AD-F3D1816C7B65}"
EndProject
Project("{FAE04EC0-301F-11D3-BF4B-00C04F79EFBC}") = "Tyuiu.KalininaMA.Sprint3.Task0.V30.Lib", "Tyuiu.KalininaMA.Sprint3.Task0.V30.Lib\Tyuiu.KalininaMA.Sprint3.Task0.V30.Lib.csproj", "{5BCDA6AD-D6ED-4567-9DB4-07BA539F89AD}"
EndProject
Project("{FAE04EC0-301F-11D3-BF4B-00C04F79EFBC}") = "Tyuiu.KalininaMA.Sprint3.Task0.V30.Test", "Tyuiu.KalininaMA.Sprint3.Task0.V30.Test\Tyuiu.KalininaMA.Sprint3.Task0.V30.Test.csproj", "{29328658-004B-4511-83C1-753C4C652709}"
EndProject
Global
	GlobalSection(SolutionConfigurationPlatforms) = preSolution
		Debug|Any CPU = Debug|Any CPU
		Release|Any CPU = Release|Any CPU
	EndGlobalSection
	GlobalSection(ProjectConfigurationPlatforms) = postSolution
		{32722DAB-3DC3-4863-B8AD-F3D1816C7B65}.Debug|Any CPU.ActiveCfg = Debug|Any CPU
		{32722DAB-3DC3-4863-B8AD-F3D1816C7B65}.Debug|Any CPU.Build.0 = Debug|Any CPU
		{32722DAB-3DC3-4863-B8AD-F3D1816C7B65}.Release|Any CPU.ActiveCfg = Release|Any CPU
		{32722DAB-3DC3-4863-B8AD-F3D1816C7B65}.Release|Any CPU.Build.0 = Release|Any CPU
		{5BCDA6AD-D6ED-4567-9DB4-07BA539F89AD}.Debug|Any CPU.ActiveCfg = Debug|Any CPU
		{5BCDA6AD-D6ED-4567-9DB4-07BA539F89AD}.Debug|Any CPU.Build.0 = Debug|Any CPU
		{5BCDA6AD-D6ED-4567-9DB4-07BA539F89AD}.Release|Any CPU.ActiveCfg = Release|Any CPU
		{5BCDA6AD-D6ED-4567-9DB4-07BA539F89AD}.Release|Any CPU.Build.0 = Release|Any CPU
		{29328658-004B-4511-83C1-753C4C652709}.Debug|Any CPU.ActiveCfg = Debug|Any CPU
		{29328658-004B-4511-83C1-753C4C652709}.Debug|Any CPU.Build.0 = Debug|Any CPU
		{29328658-004B-4511-83C1-753C4C652709}.Release|Any CPU.ActiveCfg = Release|Any CPU
		{29328658-004B-4511-83C1-753C4C652709}.Release|Any CPU.Build.0 = Release|Any CPU
	EndGlobalSection
	GlobalSection(SolutionProperties) = preSolution
		HideSolutionNode = FALSE
	EndGlobalSection
	GlobalSection(NestedProjects) = preSolution
		{32722DAB-3DC3-4863-B8AD-F3D1816C7B65} = {02EA681E-C7D8-13C7-8484-4AC65E1B71E8}
		{5BCDA6AD-D6ED-4567-9DB4-07BA539F89AD} = {02EA681E-C7D8-13C7-8484-4AC65E1B71E8}
		{29328658-004B-4511-83C1-753C4C652709} = {02EA681E-C7D8-13C7-8484-4AC65E1B71E8}
	EndGlobalSection
	GlobalSection(ExtensibilityGlobals) = postSolution
		SolutionGuid = {3E7A2B12-45AA-475B-8784-B3FECA5E2720}
	EndGlobalSection
EndGlobal
